
Microsoft Visual Studio Solution File, Format Version 12.00
# Visual Studio 15
VisualStudioVersion = 15.0.28307.779
MinimumVisualStudioVersion = 10.0.40219.1
Project("{FAE04EC0-301F-11D3-BF4B-00C04F79EFBC}") = "SimpleArcEngineDemo", "SimpleArcEngineDemo\SimpleArcEngineDemo.csproj", "{2EEF0F65-D69F-4F2D-AFF7-1508CF5E5CF1}"
EndProject
Global
	GlobalSection(SolutionConfigurationPlatforms) = preSolution
		Debug|Any CPU = Debug|Any CPU
		Release|Any CPU = Release|Any CPU
	EndGlobalSection
	GlobalSection(ProjectConfigurationPlatforms) = postSolution
		{2EEF0F65-D69F-4F2D-AFF7-1508CF5E5CF1}.Debug|Any CPU.ActiveCfg = Debug|Any CPU
		{2EEF0F65-D69F-4F2D-AFF7-1508CF5E5CF1}.Debug|Any CPU.Build.0 = Debug|Any CPU
		{2EEF0F65-D69F-4F2D-AFF7-1508CF5E5CF1}.Release|Any CPU.ActiveCfg = Release|Any CPU
		{2EEF0F65-D69F-4F2D-AFF7-1508CF5E5CF1}.Release|Any CPU.Build.0 = Release|Any CPU
	EndGlobalSection
	GlobalSection(SolutionProperties) = preSolution
		HideSolutionNode = FALSE
	EndGlobalSection
	GlobalSection(ExtensibilityGlobals) = postSolution
		SolutionGuid = {33CBEE42-8F04-48A3-BC5F-853410B6BBD7}
	EndGlobalSection
EndGlobal
